
Microsoft Visual Studio Solution File, Format Version 12.00
# Visual Studio Version 17
VisualStudioVersion = 17.10.34928.147
MinimumVisualStudioVersion = 10.0.40219.1
Project("{FAE04EC0-301F-11D3-BF4B-00C04F79EFBC}") = "MemoryGameTestDemo", "MemoryGameTestDemo.csproj", "{27D4EB7A-454D-46D7-9143-BAE403B8A45A}"
EndProject
Global
	GlobalSection(SolutionConfigurationPlatforms) = preSolution
		Debug|Any CPU = Debug|Any CPU
		Release|Any CPU = Release|Any CPU
	EndGlobalSection
	GlobalSection(ProjectConfigurationPlatforms) = postSolution
		{27D4EB7A-454D-46D7-9143-BAE403B8A45A}.Debug|Any CPU.ActiveCfg = Debug|Any CPU
		{27D4EB7A-454D-46D7-9143-BAE403B8A45A}.Debug|Any CPU.Build.0 = Debug|Any CPU
		{27D4EB7A-454D-46D7-9143-BAE403B8A45A}.Debug|Any CPU.Deploy.0 = Debug|Any CPU
		{27D4EB7A-454D-46D7-9143-BAE403B8A45A}.Release|Any CPU.ActiveCfg = Release|Any CPU
		{27D4EB7A-454D-46D7-9143-BAE403B8A45A}.Release|Any CPU.Build.0 = Release|Any CPU
		{27D4EB7A-454D-46D7-9143-BAE403B8A45A}.Release|Any CPU.Deploy.0 = Release|Any CPU
	EndGlobalSection
	GlobalSection(SolutionProperties) = preSolution
		HideSolutionNode = FALSE
	EndGlobalSection
	GlobalSection(ExtensibilityGlobals) = postSolution
		SolutionGuid = {CFBB8470-0CD8-4CF1-9E64-039A12E7F9DD}
	EndGlobalSection
EndGlobal
